{
  "name": "dp1-2021-2022-ling-5",
  "lockfileVersion": 2,
  "requires": true,
  "packages": {
    "": {
      "dependencies": {
        "axios": "^0.24.0"
      },
      "devDependencies": {
        "@types/chart.js": "^2.9.35",
        "@types/react-router-dom": "^5.1.7"
      }
    },
    "node_modules/@types/chart.js": {
      "version": "2.9.35",
      "resolved": "https://registry.npmjs.org/@types/chart.js/-/chart.js-2.9.35.tgz",
      "integrity": "sha512-MWx/zZlh4wHBbM4Tm4YsZyYGb1/LkTiFLFwX/FXb0EJCvXX2xWTRHwlJ2RAAEXWxLrOdaAWP8vFtJXny+4CpEw==",
      "dev": true,
      "dependencies": {
        "moment": "^2.10.2"
      }
    },
    "node_modules/@types/history": {
      "version": "4.7.9",
      "resolved": "https://registry.npmjs.org/@types/history/-/history-4.7.9.tgz",
      "integrity": "sha512-MUc6zSmU3tEVnkQ78q0peeEjKWPUADMlC/t++2bI8WnAG2tvYRPIgHG8lWkXwqc8MsUF6Z2MOf+Mh5sazOmhiQ==",
      "dev": true
    },
    "node_modules/@types/prop-types": {
      "version": "15.7.4",
      "resolved": "https://registry.npmjs.org/@types/prop-types/-/prop-types-15.7.4.tgz",
      "integrity": "sha512-rZ5drC/jWjrArrS8BR6SIr4cWpW09RNTYt9AMZo3Jwwif+iacXAqgVjm0B0Bv/S1jhDXKHqRVNCbACkJ89RAnQ==",
      "dev": true
    },
    "node_modules/@types/react": {
      "version": "17.0.35",
      "resolved": "https://registry.npmjs.org/@types/react/-/react-17.0.35.tgz",
      "integrity": "sha512-r3C8/TJuri/SLZiiwwxQoLAoavaczARfT9up9b4Jr65+ErAUX3MIkU0oMOQnrpfgHme8zIqZLX7O5nnjm5Wayw==",
      "dev": true,
      "dependencies": {
        "@types/prop-types": "*",
        "@types/scheduler": "*",
        "csstype": "^3.0.2"
      }
    },
    "node_modules/@types/react-router": {
      "version": "5.1.17",
      "resolved": "https://registry.npmjs.org/@types/react-router/-/react-router-5.1.17.tgz",
      "integrity": "sha512-RNSXOyb3VyRs/EOGmjBhhGKTbnN6fHWvy5FNLzWfOWOGjgVUKqJZXfpKzLmgoU8h6Hj8mpALj/mbXQASOb92wQ==",
      "dev": true,
      "dependencies": {
        "@types/history": "*",
        "@types/react": "*"
      }
    },
    "node_modules/@types/react-router-dom": {
      "version": "5.1.7",
      "resolved": "https://registry.npmjs.org/@types/react-router-dom/-/react-router-dom-5.1.7.tgz",
      "integrity": "sha512-D5mHD6TbdV/DNHYsnwBTv+y73ei+mMjrkGrla86HthE4/PVvL1J94Bu3qABU+COXzpL23T1EZapVVpwHuBXiUg==",
      "dev": true,
      "dependencies": {
        "@types/history": "*",
        "@types/react": "*",
        "@types/react-router": "*"
      }
    },
    "node_modules/@types/scheduler": {
      "version": "0.16.2",
      "resolved": "https://registry.npmjs.org/@types/scheduler/-/scheduler-0.16.2.tgz",
      "integrity": "sha512-hppQEBDmlwhFAXKJX2KnWLYu5yMfi91yazPb2l+lbJiwW+wdo1gNeRA+3RgNSO39WYX2euey41KEwnqesU2Jew==",
      "dev": true
    },
    "node_modules/axios": {
      "version": "0.24.0",
      "resolved": "https://registry.npmjs.org/axios/-/axios-0.24.0.tgz",
      "integrity": "sha512-Q6cWsys88HoPgAaFAVUb0WpPk0O8iTeisR9IMqy9G8AbO4NlpVknrnQS03zzF9PGAWgO3cgletO3VjV/P7VztA==",
      "dependencies": {
        "follow-redirects": "^1.14.4"
      }
    },
    "node_modules/csstype": {
      "version": "3.0.10",
      "resolved": "https://registry.npmjs.org/csstype/-/csstype-3.0.10.tgz",
      "integrity": "sha512-2u44ZG2OcNUO9HDp/Jl8C07x6pU/eTR3ncV91SiK3dhG9TWvRVsCoJw14Ckx5DgWkzGA3waZWO3d7pgqpUI/XA==",
      "dev": true
    },
    "node_modules/follow-redirects": {
      "version": "1.14.5",
      "resolved": "https://registry.npmjs.org/follow-redirects/-/follow-redirects-1.14.5.tgz",
      "integrity": "sha512-wtphSXy7d4/OR+MvIFbCVBDzZ5520qV8XfPklSN5QtxuMUJZ+b0Wnst1e1lCDocfzuCkHqj8k0FpZqO+UIaKNA==",
      "funding": [
        {
          "type": "individual",
          "url": "https://github.com/sponsors/RubenVerborgh"
        }
      ],
      "engines": {
        "node": ">=4.0"
      },
      "peerDependenciesMeta": {
        "debug": {
          "optional": true
        }
      }
    },
    "node_modules/moment": {
      "version": "2.29.1",
      "resolved": "https://registry.npmjs.org/moment/-/moment-2.29.1.tgz",
      "integrity": "sha512-kHmoybcPV8Sqy59DwNDY3Jefr64lK/by/da0ViFcuA4DH0vQg5Q6Ze5VimxkfQNSC+Mls/Kx53s7TjP1RhFEDQ==",
      "dev": true,
      "engines": {
        "node": "*"
      }
    }
  },
  "dependencies": {
    "@types/chart.js": {
      "version": "2.9.35",
      "resolved": "https://registry.npmjs.org/@types/chart.js/-/chart.js-2.9.35.tgz",
      "integrity": "sha512-MWx/zZlh4wHBbM4Tm4YsZyYGb1/LkTiFLFwX/FXb0EJCvXX2xWTRHwlJ2RAAEXWxLrOdaAWP8vFtJXny+4CpEw==",
      "dev": true,
      "requires": {
        "moment": "^2.10.2"
      }
    },
    "@types/history": {
      "version": "4.7.9",
      "resolved": "https://registry.npmjs.org/@types/history/-/history-4.7.9.tgz",
      "integrity": "sha512-MUc6zSmU3tEVnkQ78q0peeEjKWPUADMlC/t++2bI8WnAG2tvYRPIgHG8lWkXwqc8MsUF6Z2MOf+Mh5sazOmhiQ==",
      "dev": true
    },
    "@types/prop-types": {
      "version": "15.7.4",
      "resolved": "https://registry.npmjs.org/@types/prop-types/-/prop-types-15.7.4.tgz",
      "integrity": "sha512-rZ5drC/jWjrArrS8BR6SIr4cWpW09RNTYt9AMZo3Jwwif+iacXAqgVjm0B0Bv/S1jhDXKHqRVNCbACkJ89RAnQ==",
      "dev": true
    },
    "@types/react": {
      "version": "17.0.35",
      "resolved": "https://registry.npmjs.org/@types/react/-/react-17.0.35.tgz",
      "integrity": "sha512-r3C8/TJuri/SLZiiwwxQoLAoavaczARfT9up9b4Jr65+ErAUX3MIkU0oMOQnrpfgHme8zIqZLX7O5nnjm5Wayw==",
      "dev": true,
      "requires": {
        "@types/prop-types": "*",
        "@types/scheduler": "*",
        "csstype": "^3.0.2"
      }
    },
    "@types/react-router": {
      "version": "5.1.17",
      "resolved": "https://registry.npmjs.org/@types/react-router/-/react-router-5.1.17.tgz",
      "integrity": "sha512-RNSXOyb3VyRs/EOGmjBhhGKTbnN6fHWvy5FNLzWfOWOGjgVUKqJZXfpKzLmgoU8h6Hj8mpALj/mbXQASOb92wQ==",
      "dev": true,
      "requires": {
        "@types/history": "*",
        "@types/react": "*"
      }
    },
    "@types/react-router-dom": {
      "version": "5.1.7",
      "resolved": "https://registry.npmjs.org/@types/react-router-dom/-/react-router-dom-5.1.7.tgz",
      "integrity": "sha512-D5mHD6TbdV/DNHYsnwBTv+y73ei+mMjrkGrla86HthE4/PVvL1J94Bu3qABU+COXzpL23T1EZapVVpwHuBXiUg==",
      "dev": true,
      "requires": {
        "@types/history": "*",
        "@types/react": "*",
        "@types/react-router": "*"
      }
    },
    "@types/scheduler": {
      "version": "0.16.2",
      "resolved": "https://registry.npmjs.org/@types/scheduler/-/scheduler-0.16.2.tgz",
      "integrity": "sha512-hppQEBDmlwhFAXKJX2KnWLYu5yMfi91yazPb2l+lbJiwW+wdo1gNeRA+3RgNSO39WYX2euey41KEwnqesU2Jew==",
      "dev": true
    },
    "axios": {
      "version": "0.24.0",
      "resolved": "https://registry.npmjs.org/axios/-/axios-0.24.0.tgz",
      "integrity": "sha512-Q6cWsys88HoPgAaFAVUb0WpPk0O8iTeisR9IMqy9G8AbO4NlpVknrnQS03zzF9PGAWgO3cgletO3VjV/P7VztA==",
      "requires": {
        "follow-redirects": "^1.14.4"
      }
    },
    "csstype": {
      "version": "3.0.10",
      "resolved": "https://registry.npmjs.org/csstype/-/csstype-3.0.10.tgz",
      "integrity": "sha512-2u44ZG2OcNUO9HDp/Jl8C07x6pU/eTR3ncV91SiK3dhG9TWvRVsCoJw14Ckx5DgWkzGA3waZWO3d7pgqpUI/XA==",
      "dev": true
    },
    "follow-redirects": {
      "version": "1.14.5",
      "resolved": "https://registry.npmjs.org/follow-redirects/-/follow-redirects-1.14.5.tgz",
      "integrity": "sha512-wtphSXy7d4/OR+MvIFbCVBDzZ5520qV8XfPklSN5QtxuMUJZ+b0Wnst1e1lCDocfzuCkHqj8k0FpZqO+UIaKNA=="
    },
    "moment": {
      "version": "2.29.1",
      "resolved": "https://registry.npmjs.org/moment/-/moment-2.29.1.tgz",
      "integrity": "sha512-kHmoybcPV8Sqy59DwNDY3Jefr64lK/by/da0ViFcuA4DH0vQg5Q6Ze5VimxkfQNSC+Mls/Kx53s7TjP1RhFEDQ==",
      "dev": true
    }
  }
}
